
Microsoft Visual Studio Solution File, Format Version 12.00
# Visual Studio Version 16
VisualStudioVersion = 16.0.32901.82
MinimumVisualStudioVersion = 10.0.40219.1
Project("{FAE04EC0-301F-11D3-BF4B-00C04F79EFBC}") = "ThreadContextSwitch", "ThreadContextSwitch\ThreadContextSwitch.csproj", "{9C7C9455-9747-41E3-A702-834ED7E8A0F1}"
EndProject
Global
	GlobalSection(SolutionConfigurationPlatforms) = preSolution
		Debug|Any CPU = Debug|Any CPU
		Release|Any CPU = Release|Any CPU
	EndGlobalSection
	GlobalSection(ProjectConfigurationPlatforms) = postSolution
		{9C7C9455-9747-41E3-A702-834ED7E8A0F1}.Debug|Any CPU.ActiveCfg = Debug|Any CPU
		{9C7C9455-9747-41E3-A702-834ED7E8A0F1}.Debug|Any CPU.Build.0 = Debug|Any CPU
		{9C7C9455-9747-41E3-A702-834ED7E8A0F1}.Release|Any CPU.ActiveCfg = Release|Any CPU
		{9C7C9455-9747-41E3-A702-834ED7E8A0F1}.Release|Any CPU.Build.0 = Release|Any CPU
	EndGlobalSection
	GlobalSection(SolutionProperties) = preSolution
		HideSolutionNode = FALSE
	EndGlobalSection
	GlobalSection(ExtensibilityGlobals) = postSolution
		SolutionGuid = {14AF75FA-D89F-40BE-841D-74E1306D064B}
	EndGlobalSection
EndGlobal
