
Microsoft Visual Studio Solution File, Format Version 12.00
# Visual Studio Version 16
VisualStudioVersion = 16.0.32901.82
MinimumVisualStudioVersion = 10.0.40219.1
Project("{FAE04EC0-301F-11D3-BF4B-00C04F79EFBC}") = "StaticMemoryAllocatiom", "StaticMemoryAllocatiom\StaticMemoryAllocatiom.csproj", "{87286012-E242-4E5A-99EE-011CA4906AEC}"
EndProject
Global
	GlobalSection(SolutionConfigurationPlatforms) = preSolution
		Debug|Any CPU = Debug|Any CPU
		Release|Any CPU = Release|Any CPU
	EndGlobalSection
	GlobalSection(ProjectConfigurationPlatforms) = postSolution
		{87286012-E242-4E5A-99EE-011CA4906AEC}.Debug|Any CPU.ActiveCfg = Debug|Any CPU
		{87286012-E242-4E5A-99EE-011CA4906AEC}.Debug|Any CPU.Build.0 = Debug|Any CPU
		{87286012-E242-4E5A-99EE-011CA4906AEC}.Release|Any CPU.ActiveCfg = Release|Any CPU
		{87286012-E242-4E5A-99EE-011CA4906AEC}.Release|Any CPU.Build.0 = Release|Any CPU
	EndGlobalSection
	GlobalSection(SolutionProperties) = preSolution
		HideSolutionNode = FALSE
	EndGlobalSection
	GlobalSection(ExtensibilityGlobals) = postSolution
		SolutionGuid = {2829F623-E132-430F-B100-87EC5DB25FA8}
	EndGlobalSection
EndGlobal
